
Microsoft Visual Studio Solution File, Format Version 12.00
# Visual Studio Version 17
VisualStudioVersion = 17.8.34408.163
MinimumVisualStudioVersion = 10.0.40219.1
Project("{2150E333-8FDC-42A3-9474-1A3956D46DE8}") = "Basic", "Basic", "{5410B4BC-C9FF-4EC6-B7E4-1551B898A606}"
EndProject
Project("{FAE04EC0-301F-11D3-BF4B-00C04F79EFBC}") = "NorthwindWebMvc.Basic", "NorthwindWebMvc.Basic\NorthwindWebMvc.Basic.csproj", "{75D0A813-8A95-456C-86AB-40C7B56D996B}"
EndProject
Project("{FAE04EC0-301F-11D3-BF4B-00C04F79EFBC}") = "NorthwindXUnit.Basic", "NorthwindXUnit.Basic\NorthwindXUnit.Basic.csproj", "{2C37AC5B-BEFF-4A54-ADF2-1A10622733A4}"
EndProject
Global
	GlobalSection(SolutionConfigurationPlatforms) = preSolution
		Debug|Any CPU = Debug|Any CPU
		Release|Any CPU = Release|Any CPU
	EndGlobalSection
	GlobalSection(ProjectConfigurationPlatforms) = postSolution
		{75D0A813-8A95-456C-86AB-40C7B56D996B}.Debug|Any CPU.ActiveCfg = Debug|Any CPU
		{75D0A813-8A95-456C-86AB-40C7B56D996B}.Debug|Any CPU.Build.0 = Debug|Any CPU
		{75D0A813-8A95-456C-86AB-40C7B56D996B}.Release|Any CPU.ActiveCfg = Release|Any CPU
		{75D0A813-8A95-456C-86AB-40C7B56D996B}.Release|Any CPU.Build.0 = Release|Any CPU
		{2C37AC5B-BEFF-4A54-ADF2-1A10622733A4}.Debug|Any CPU.ActiveCfg = Debug|Any CPU
		{2C37AC5B-BEFF-4A54-ADF2-1A10622733A4}.Debug|Any CPU.Build.0 = Debug|Any CPU
		{2C37AC5B-BEFF-4A54-ADF2-1A10622733A4}.Release|Any CPU.ActiveCfg = Release|Any CPU
		{2C37AC5B-BEFF-4A54-ADF2-1A10622733A4}.Release|Any CPU.Build.0 = Release|Any CPU
	EndGlobalSection
	GlobalSection(SolutionProperties) = preSolution
		HideSolutionNode = FALSE
	EndGlobalSection
	GlobalSection(NestedProjects) = preSolution
		{75D0A813-8A95-456C-86AB-40C7B56D996B} = {5410B4BC-C9FF-4EC6-B7E4-1551B898A606}
		{2C37AC5B-BEFF-4A54-ADF2-1A10622733A4} = {5410B4BC-C9FF-4EC6-B7E4-1551B898A606}
	EndGlobalSection
	GlobalSection(ExtensibilityGlobals) = postSolution
		SolutionGuid = {2338A7BB-3CE9-4083-8FE7-0126D6B7EC5B}
	EndGlobalSection
EndGlobal
